
Microsoft Visual Studio Solution File, Format Version 12.00
# Visual Studio 15
VisualStudioVersion = 15.0.28307.1169
MinimumVisualStudioVersion = 10.0.40219.1
Project("{FAE04EC0-301F-11D3-BF4B-00C04F79EFBC}") = "EFCore.webAPI2", "EFCore.webAPI2\EFCore.webAPI2.csproj", "{7E6FDD6B-3850-40E2-8A70-EAB128D42D29}"
EndProject
Global
	GlobalSection(SolutionConfigurationPlatforms) = preSolution
		Debug|Any CPU = Debug|Any CPU
		Release|Any CPU = Release|Any CPU
	EndGlobalSection
	GlobalSection(ProjectConfigurationPlatforms) = postSolution
		{7E6FDD6B-3850-40E2-8A70-EAB128D42D29}.Debug|Any CPU.ActiveCfg = Debug|Any CPU
		{7E6FDD6B-3850-40E2-8A70-EAB128D42D29}.Debug|Any CPU.Build.0 = Debug|Any CPU
		{7E6FDD6B-3850-40E2-8A70-EAB128D42D29}.Release|Any CPU.ActiveCfg = Release|Any CPU
		{7E6FDD6B-3850-40E2-8A70-EAB128D42D29}.Release|Any CPU.Build.0 = Release|Any CPU
	EndGlobalSection
	GlobalSection(SolutionProperties) = preSolution
		HideSolutionNode = FALSE
	EndGlobalSection
	GlobalSection(ExtensibilityGlobals) = postSolution
		SolutionGuid = {592EB807-13BB-4F5E-B7CC-67E5F2E2EED6}
	EndGlobalSection
EndGlobal
